
Microsoft Visual Studio Solution File, Format Version 12.00
# Visual Studio Version 17
VisualStudioVersion = 17.8.34525.116
MinimumVisualStudioVersion = 10.0.40219.1
Project("{FAE04EC0-301F-11D3-BF4B-00C04F79EFBC}") = "ContactManager.API", "ContactManager.API\ContactManager.API.csproj", "{7BA4E45A-DAA6-4BDE-9F85-D8FCB372442E}"
EndProject
Global
	GlobalSection(SolutionConfigurationPlatforms) = preSolution
		Debug|Any CPU = Debug|Any CPU
		Release|Any CPU = Release|Any CPU
	EndGlobalSection
	GlobalSection(ProjectConfigurationPlatforms) = postSolution
		{7BA4E45A-DAA6-4BDE-9F85-D8FCB372442E}.Debug|Any CPU.ActiveCfg = Debug|Any CPU
		{7BA4E45A-DAA6-4BDE-9F85-D8FCB372442E}.Debug|Any CPU.Build.0 = Debug|Any CPU
		{7BA4E45A-DAA6-4BDE-9F85-D8FCB372442E}.Release|Any CPU.ActiveCfg = Release|Any CPU
		{7BA4E45A-DAA6-4BDE-9F85-D8FCB372442E}.Release|Any CPU.Build.0 = Release|Any CPU
	EndGlobalSection
	GlobalSection(SolutionProperties) = preSolution
		HideSolutionNode = FALSE
	EndGlobalSection
	GlobalSection(ExtensibilityGlobals) = postSolution
		SolutionGuid = {0678FF98-CB84-404A-818E-45E14A1FB049}
	EndGlobalSection
EndGlobal
